
Microsoft Visual Studio Solution File, Format Version 11.00
# Visual Studio 2010
# SharpDevelop 4.4
Project("{FAE04EC0-301F-11D3-BF4B-00C04F79EFBC}") = "ToDoList", "ToDoList\ToDoList.csproj", "{41AB1A20-E583-4BC2-A464-8BCB3985A044}"
EndProject
Global
	GlobalSection(SolutionConfigurationPlatforms) = preSolution
		Debug|x86 = Debug|x86
		Release|x86 = Release|x86
	EndGlobalSection
	GlobalSection(ProjectConfigurationPlatforms) = postSolution
		{41AB1A20-E583-4BC2-A464-8BCB3985A044}.Debug|x86.ActiveCfg = Debug|x86
		{41AB1A20-E583-4BC2-A464-8BCB3985A044}.Debug|x86.Build.0 = Debug|x86
		{41AB1A20-E583-4BC2-A464-8BCB3985A044}.Release|x86.ActiveCfg = Release|x86
		{41AB1A20-E583-4BC2-A464-8BCB3985A044}.Release|x86.Build.0 = Release|x86
	EndGlobalSection
	GlobalSection(SolutionProperties) = preSolution
		HideSolutionNode = FALSE
	EndGlobalSection
EndGlobal
